
Microsoft Visual Studio Solution File, Format Version 12.00
# Visual Studio Version 17
VisualStudioVersion = 17.0.31903.59
MinimumVisualStudioVersion = 10.0.40219.1
Project("{2150E333-8FDC-42A3-9474-1A3956D46DE8}") = "src", "src", "{827E0CD3-B72D-47B6-A68D-7590B98EB39B}"
EndProject
Project("{FAE04EC0-301F-11D3-BF4B-00C04F79EFBC}") = "GithubGet.App", "src\GithubGet.App\GithubGet.App.csproj", "{5E95E173-1BF4-4488-BD9B-07F513016307}"
EndProject
Project("{FAE04EC0-301F-11D3-BF4B-00C04F79EFBC}") = "GithubGet.Core", "src\GithubGet.Core\GithubGet.Core.csproj", "{DD7F6932-057F-4044-8F85-5C13676A2B51}"
EndProject
Project("{FAE04EC0-301F-11D3-BF4B-00C04F79EFBC}") = "GithubGet.Worker", "src\GithubGet.Worker\GithubGet.Worker.csproj", "{8CAE3B79-15A7-4FC2-8EA3-5EC43A1AFC9C}"
EndProject
Project("{2150E333-8FDC-42A3-9474-1A3956D46DE8}") = "tests", "tests", "{0AB3BF05-4346-4AA6-1389-037BE0695223}"
EndProject
Project("{FAE04EC0-301F-11D3-BF4B-00C04F79EFBC}") = "GithubGet.Core.Tests", "tests\GithubGet.Core.Tests\GithubGet.Core.Tests.csproj", "{3E21665B-76DB-4E94-9A90-CE9D5E795502}"
EndProject
Global
	GlobalSection(SolutionConfigurationPlatforms) = preSolution
		Debug|Any CPU = Debug|Any CPU
		Debug|x64 = Debug|x64
		Debug|x86 = Debug|x86
		Release|Any CPU = Release|Any CPU
		Release|x64 = Release|x64
		Release|x86 = Release|x86
	EndGlobalSection
	GlobalSection(ProjectConfigurationPlatforms) = postSolution
		{5E95E173-1BF4-4488-BD9B-07F513016307}.Debug|Any CPU.ActiveCfg = Debug|x86
		{5E95E173-1BF4-4488-BD9B-07F513016307}.Debug|Any CPU.Build.0 = Debug|x86
		{5E95E173-1BF4-4488-BD9B-07F513016307}.Debug|x64.ActiveCfg = Debug|x64
		{5E95E173-1BF4-4488-BD9B-07F513016307}.Debug|x64.Build.0 = Debug|x64
		{5E95E173-1BF4-4488-BD9B-07F513016307}.Debug|x86.ActiveCfg = Debug|x86
		{5E95E173-1BF4-4488-BD9B-07F513016307}.Debug|x86.Build.0 = Debug|x86
		{5E95E173-1BF4-4488-BD9B-07F513016307}.Release|Any CPU.ActiveCfg = Release|x86
		{5E95E173-1BF4-4488-BD9B-07F513016307}.Release|Any CPU.Build.0 = Release|x86
		{5E95E173-1BF4-4488-BD9B-07F513016307}.Release|x64.ActiveCfg = Release|x64
		{5E95E173-1BF4-4488-BD9B-07F513016307}.Release|x64.Build.0 = Release|x64
		{5E95E173-1BF4-4488-BD9B-07F513016307}.Release|x86.ActiveCfg = Release|x86
		{5E95E173-1BF4-4488-BD9B-07F513016307}.Release|x86.Build.0 = Release|x86
		{DD7F6932-057F-4044-8F85-5C13676A2B51}.Debug|Any CPU.ActiveCfg = Debug|Any CPU
		{DD7F6932-057F-4044-8F85-5C13676A2B51}.Debug|Any CPU.Build.0 = Debug|Any CPU
		{DD7F6932-057F-4044-8F85-5C13676A2B51}.Debug|x64.ActiveCfg = Debug|Any CPU
		{DD7F6932-057F-4044-8F85-5C13676A2B51}.Debug|x64.Build.0 = Debug|Any CPU
		{DD7F6932-057F-4044-8F85-5C13676A2B51}.Debug|x86.ActiveCfg = Debug|Any CPU
		{DD7F6932-057F-4044-8F85-5C13676A2B51}.Debug|x86.Build.0 = Debug|Any CPU
		{DD7F6932-057F-4044-8F85-5C13676A2B51}.Release|Any CPU.ActiveCfg = Release|Any CPU
		{DD7F6932-057F-4044-8F85-5C13676A2B51}.Release|Any CPU.Build.0 = Release|Any CPU
		{DD7F6932-057F-4044-8F85-5C13676A2B51}.Release|x64.ActiveCfg = Release|Any CPU
		{DD7F6932-057F-4044-8F85-5C13676A2B51}.Release|x64.Build.0 = Release|Any CPU
		{DD7F6932-057F-4044-8F85-5C13676A2B51}.Release|x86.ActiveCfg = Release|Any CPU
		{DD7F6932-057F-4044-8F85-5C13676A2B51}.Release|x86.Build.0 = Release|Any CPU
		{8CAE3B79-15A7-4FC2-8EA3-5EC43A1AFC9C}.Debug|Any CPU.ActiveCfg = Debug|Any CPU
		{8CAE3B79-15A7-4FC2-8EA3-5EC43A1AFC9C}.Debug|Any CPU.Build.0 = Debug|Any CPU
		{8CAE3B79-15A7-4FC2-8EA3-5EC43A1AFC9C}.Debug|x64.ActiveCfg = Debug|Any CPU
		{8CAE3B79-15A7-4FC2-8EA3-5EC43A1AFC9C}.Debug|x64.Build.0 = Debug|Any CPU
		{8CAE3B79-15A7-4FC2-8EA3-5EC43A1AFC9C}.Debug|x86.ActiveCfg = Debug|Any CPU
		{8CAE3B79-15A7-4FC2-8EA3-5EC43A1AFC9C}.Debug|x86.Build.0 = Debug|Any CPU
		{8CAE3B79-15A7-4FC2-8EA3-5EC43A1AFC9C}.Release|Any CPU.ActiveCfg = Release|Any CPU
		{8CAE3B79-15A7-4FC2-8EA3-5EC43A1AFC9C}.Release|Any CPU.Build.0 = Release|Any CPU
		{8CAE3B79-15A7-4FC2-8EA3-5EC43A1AFC9C}.Release|x64.ActiveCfg = Release|Any CPU
		{8CAE3B79-15A7-4FC2-8EA3-5EC43A1AFC9C}.Release|x64.Build.0 = Release|Any CPU
		{8CAE3B79-15A7-4FC2-8EA3-5EC43A1AFC9C}.Release|x86.ActiveCfg = Release|Any CPU
		{8CAE3B79-15A7-4FC2-8EA3-5EC43A1AFC9C}.Release|x86.Build.0 = Release|Any CPU
		{3E21665B-76DB-4E94-9A90-CE9D5E795502}.Debug|Any CPU.ActiveCfg = Debug|Any CPU
		{3E21665B-76DB-4E94-9A90-CE9D5E795502}.Debug|Any CPU.Build.0 = Debug|Any CPU
		{3E21665B-76DB-4E94-9A90-CE9D5E795502}.Debug|x64.ActiveCfg = Debug|Any CPU
		{3E21665B-76DB-4E94-9A90-CE9D5E795502}.Debug|x64.Build.0 = Debug|Any CPU
		{3E21665B-76DB-4E94-9A90-CE9D5E795502}.Debug|x86.ActiveCfg = Debug|Any CPU
		{3E21665B-76DB-4E94-9A90-CE9D5E795502}.Debug|x86.Build.0 = Debug|Any CPU
		{3E21665B-76DB-4E94-9A90-CE9D5E795502}.Release|Any CPU.ActiveCfg = Release|Any CPU
		{3E21665B-76DB-4E94-9A90-CE9D5E795502}.Release|Any CPU.Build.0 = Release|Any CPU
		{3E21665B-76DB-4E94-9A90-CE9D5E795502}.Release|x64.ActiveCfg = Release|Any CPU
		{3E21665B-76DB-4E94-9A90-CE9D5E795502}.Release|x64.Build.0 = Release|Any CPU
		{3E21665B-76DB-4E94-9A90-CE9D5E795502}.Release|x86.ActiveCfg = Release|Any CPU
		{3E21665B-76DB-4E94-9A90-CE9D5E795502}.Release|x86.Build.0 = Release|Any CPU
	EndGlobalSection
	GlobalSection(SolutionProperties) = preSolution
		HideSolutionNode = FALSE
	EndGlobalSection
	GlobalSection(NestedProjects) = preSolution
		{5E95E173-1BF4-4488-BD9B-07F513016307} = {827E0CD3-B72D-47B6-A68D-7590B98EB39B}
		{DD7F6932-057F-4044-8F85-5C13676A2B51} = {827E0CD3-B72D-47B6-A68D-7590B98EB39B}
		{8CAE3B79-15A7-4FC2-8EA3-5EC43A1AFC9C} = {827E0CD3-B72D-47B6-A68D-7590B98EB39B}
		{3E21665B-76DB-4E94-9A90-CE9D5E795502} = {0AB3BF05-4346-4AA6-1389-037BE0695223}
	EndGlobalSection
EndGlobal
